
Microsoft Visual Studio Solution File, Format Version 12.00
# Visual Studio Version 17
VisualStudioVersion = 17.13.35931.197 d17.13
MinimumVisualStudioVersion = 10.0.40219.1
Project("{FAE04EC0-301F-11D3-BF4B-00C04F79EFBC}") = "DataStructure_WF", "WindowsFormsApplication3\DataStructure_WF.csproj", "{A4DCFB2F-CDA2-4165-859C-771842266137}"
EndProject
Project("{FAE04EC0-301F-11D3-BF4B-00C04F79EFBC}") = "Study_Angular", "Study_Angular\Study_Angular.csproj", "{9E04175F-E004-4118-99DD-664167F94761}"
EndProject
Project("{FAE04EC0-301F-11D3-BF4B-00C04F79EFBC}") = "WebAPIAuth", "WebAPIAuth\WebAPIAuth.csproj", "{1D4E34CF-A181-47A1-BC43-1CDAC3EF685B}"
EndProject
Project("{A07B5EB6-E848-4116-A8D0-A826331D98C6}") = "ServiceFabric", "ServiceFabric\ServiceFabric.sfproj", "{FE22D48A-FA30-422A-BB82-1609A62E26B7}"
EndProject
Project("{FAE04EC0-301F-11D3-BF4B-00C04F79EFBC}") = "WebAPI", "WebAPI\WebAPI.csproj", "{EAEAC3DD-ADCF-4E86-B143-E899B9406712}"
EndProject
Project("{FAE04EC0-301F-11D3-BF4B-00C04F79EFBC}") = "DataStructure_Ext_Console", "DataStructure\DataStructure_Ext_Console.csproj", "{269B8705-40BA-446D-A340-7C7538C7BC83}"
EndProject
Global
	GlobalSection(SolutionConfigurationPlatforms) = preSolution
		Debug|Any CPU = Debug|Any CPU
		Debug|Mixed Platforms = Debug|Mixed Platforms
		Debug|x64 = Debug|x64
		Debug|x86 = Debug|x86
		Release|Any CPU = Release|Any CPU
		Release|Mixed Platforms = Release|Mixed Platforms
		Release|x64 = Release|x64
		Release|x86 = Release|x86
	EndGlobalSection
	GlobalSection(ProjectConfigurationPlatforms) = postSolution
		{A4DCFB2F-CDA2-4165-859C-771842266137}.Debug|Any CPU.ActiveCfg = Debug|x86
		{A4DCFB2F-CDA2-4165-859C-771842266137}.Debug|Any CPU.Build.0 = Debug|x86
		{A4DCFB2F-CDA2-4165-859C-771842266137}.Debug|Any CPU.Deploy.0 = Debug|x86
		{A4DCFB2F-CDA2-4165-859C-771842266137}.Debug|Mixed Platforms.ActiveCfg = Debug|x86
		{A4DCFB2F-CDA2-4165-859C-771842266137}.Debug|Mixed Platforms.Build.0 = Debug|x86
		{A4DCFB2F-CDA2-4165-859C-771842266137}.Debug|x64.ActiveCfg = Debug|x86
		{A4DCFB2F-CDA2-4165-859C-771842266137}.Debug|x86.ActiveCfg = Debug|x86
		{A4DCFB2F-CDA2-4165-859C-771842266137}.Debug|x86.Build.0 = Debug|x86
		{A4DCFB2F-CDA2-4165-859C-771842266137}.Release|Any CPU.ActiveCfg = Release|x86
		{A4DCFB2F-CDA2-4165-859C-771842266137}.Release|Mixed Platforms.ActiveCfg = Release|x86
		{A4DCFB2F-CDA2-4165-859C-771842266137}.Release|Mixed Platforms.Build.0 = Release|x86
		{A4DCFB2F-CDA2-4165-859C-771842266137}.Release|x64.ActiveCfg = Release|x86
		{A4DCFB2F-CDA2-4165-859C-771842266137}.Release|x86.ActiveCfg = Release|x86
		{A4DCFB2F-CDA2-4165-859C-771842266137}.Release|x86.Build.0 = Release|x86
		{9E04175F-E004-4118-99DD-664167F94761}.Debug|Any CPU.ActiveCfg = Debug|Any CPU
		{9E04175F-E004-4118-99DD-664167F94761}.Debug|Any CPU.Build.0 = Debug|Any CPU
		{9E04175F-E004-4118-99DD-664167F94761}.Debug|Mixed Platforms.ActiveCfg = Debug|Any CPU
		{9E04175F-E004-4118-99DD-664167F94761}.Debug|Mixed Platforms.Build.0 = Debug|Any CPU
		{9E04175F-E004-4118-99DD-664167F94761}.Debug|x64.ActiveCfg = Debug|Any CPU
		{9E04175F-E004-4118-99DD-664167F94761}.Debug|x64.Build.0 = Debug|Any CPU
		{9E04175F-E004-4118-99DD-664167F94761}.Debug|x86.ActiveCfg = Debug|Any CPU
		{9E04175F-E004-4118-99DD-664167F94761}.Debug|x86.Build.0 = Debug|Any CPU
		{9E04175F-E004-4118-99DD-664167F94761}.Release|Any CPU.ActiveCfg = Release|Any CPU
		{9E04175F-E004-4118-99DD-664167F94761}.Release|Any CPU.Build.0 = Release|Any CPU
		{9E04175F-E004-4118-99DD-664167F94761}.Release|Mixed Platforms.ActiveCfg = Release|Any CPU
		{9E04175F-E004-4118-99DD-664167F94761}.Release|Mixed Platforms.Build.0 = Release|Any CPU
		{9E04175F-E004-4118-99DD-664167F94761}.Release|x64.ActiveCfg = Release|Any CPU
		{9E04175F-E004-4118-99DD-664167F94761}.Release|x64.Build.0 = Release|Any CPU
		{9E04175F-E004-4118-99DD-664167F94761}.Release|x86.ActiveCfg = Release|Any CPU
		{9E04175F-E004-4118-99DD-664167F94761}.Release|x86.Build.0 = Release|Any CPU
		{1D4E34CF-A181-47A1-BC43-1CDAC3EF685B}.Debug|Any CPU.ActiveCfg = Debug|Any CPU
		{1D4E34CF-A181-47A1-BC43-1CDAC3EF685B}.Debug|Any CPU.Build.0 = Debug|Any CPU
		{1D4E34CF-A181-47A1-BC43-1CDAC3EF685B}.Debug|Mixed Platforms.ActiveCfg = Debug|Any CPU
		{1D4E34CF-A181-47A1-BC43-1CDAC3EF685B}.Debug|Mixed Platforms.Build.0 = Debug|Any CPU
		{1D4E34CF-A181-47A1-BC43-1CDAC3EF685B}.Debug|x64.ActiveCfg = Debug|Any CPU
		{1D4E34CF-A181-47A1-BC43-1CDAC3EF685B}.Debug|x64.Build.0 = Debug|Any CPU
		{1D4E34CF-A181-47A1-BC43-1CDAC3EF685B}.Debug|x86.ActiveCfg = Debug|Any CPU
		{1D4E34CF-A181-47A1-BC43-1CDAC3EF685B}.Debug|x86.Build.0 = Debug|Any CPU
		{1D4E34CF-A181-47A1-BC43-1CDAC3EF685B}.Release|Any CPU.ActiveCfg = Release|Any CPU
		{1D4E34CF-A181-47A1-BC43-1CDAC3EF685B}.Release|Any CPU.Build.0 = Release|Any CPU
		{1D4E34CF-A181-47A1-BC43-1CDAC3EF685B}.Release|Mixed Platforms.ActiveCfg = Release|Any CPU
		{1D4E34CF-A181-47A1-BC43-1CDAC3EF685B}.Release|Mixed Platforms.Build.0 = Release|Any CPU
		{1D4E34CF-A181-47A1-BC43-1CDAC3EF685B}.Release|x64.ActiveCfg = Release|Any CPU
		{1D4E34CF-A181-47A1-BC43-1CDAC3EF685B}.Release|x64.Build.0 = Release|Any CPU
		{1D4E34CF-A181-47A1-BC43-1CDAC3EF685B}.Release|x86.ActiveCfg = Release|Any CPU
		{1D4E34CF-A181-47A1-BC43-1CDAC3EF685B}.Release|x86.Build.0 = Release|Any CPU
		{FE22D48A-FA30-422A-BB82-1609A62E26B7}.Debug|Any CPU.ActiveCfg = Debug|x64
		{FE22D48A-FA30-422A-BB82-1609A62E26B7}.Debug|Mixed Platforms.ActiveCfg = Debug|x64
		{FE22D48A-FA30-422A-BB82-1609A62E26B7}.Debug|Mixed Platforms.Build.0 = Debug|x64
		{FE22D48A-FA30-422A-BB82-1609A62E26B7}.Debug|Mixed Platforms.Deploy.0 = Debug|x64
		{FE22D48A-FA30-422A-BB82-1609A62E26B7}.Debug|x64.ActiveCfg = Debug|x64
		{FE22D48A-FA30-422A-BB82-1609A62E26B7}.Debug|x64.Build.0 = Debug|x64
		{FE22D48A-FA30-422A-BB82-1609A62E26B7}.Debug|x64.Deploy.0 = Debug|x64
		{FE22D48A-FA30-422A-BB82-1609A62E26B7}.Debug|x86.ActiveCfg = Debug|x64
		{FE22D48A-FA30-422A-BB82-1609A62E26B7}.Release|Any CPU.ActiveCfg = Release|x64
		{FE22D48A-FA30-422A-BB82-1609A62E26B7}.Release|Mixed Platforms.ActiveCfg = Release|x64
		{FE22D48A-FA30-422A-BB82-1609A62E26B7}.Release|Mixed Platforms.Build.0 = Release|x64
		{FE22D48A-FA30-422A-BB82-1609A62E26B7}.Release|Mixed Platforms.Deploy.0 = Release|x64
		{FE22D48A-FA30-422A-BB82-1609A62E26B7}.Release|x64.ActiveCfg = Release|x64
		{FE22D48A-FA30-422A-BB82-1609A62E26B7}.Release|x64.Build.0 = Release|x64
		{FE22D48A-FA30-422A-BB82-1609A62E26B7}.Release|x64.Deploy.0 = Release|x64
		{FE22D48A-FA30-422A-BB82-1609A62E26B7}.Release|x86.ActiveCfg = Release|x64
		{EAEAC3DD-ADCF-4E86-B143-E899B9406712}.Debug|Any CPU.ActiveCfg = Debug|Any CPU
		{EAEAC3DD-ADCF-4E86-B143-E899B9406712}.Debug|Any CPU.Build.0 = Debug|Any CPU
		{EAEAC3DD-ADCF-4E86-B143-E899B9406712}.Debug|Mixed Platforms.ActiveCfg = Debug|Any CPU
		{EAEAC3DD-ADCF-4E86-B143-E899B9406712}.Debug|Mixed Platforms.Build.0 = Debug|Any CPU
		{EAEAC3DD-ADCF-4E86-B143-E899B9406712}.Debug|x64.ActiveCfg = Debug|Any CPU
		{EAEAC3DD-ADCF-4E86-B143-E899B9406712}.Debug|x64.Build.0 = Debug|Any CPU
		{EAEAC3DD-ADCF-4E86-B143-E899B9406712}.Debug|x86.ActiveCfg = Debug|Any CPU
		{EAEAC3DD-ADCF-4E86-B143-E899B9406712}.Debug|x86.Build.0 = Debug|Any CPU
		{EAEAC3DD-ADCF-4E86-B143-E899B9406712}.Release|Any CPU.ActiveCfg = Release|Any CPU
		{EAEAC3DD-ADCF-4E86-B143-E899B9406712}.Release|Any CPU.Build.0 = Release|Any CPU
		{EAEAC3DD-ADCF-4E86-B143-E899B9406712}.Release|Mixed Platforms.ActiveCfg = Release|Any CPU
		{EAEAC3DD-ADCF-4E86-B143-E899B9406712}.Release|Mixed Platforms.Build.0 = Release|Any CPU
		{EAEAC3DD-ADCF-4E86-B143-E899B9406712}.Release|x64.ActiveCfg = Release|Any CPU
		{EAEAC3DD-ADCF-4E86-B143-E899B9406712}.Release|x64.Build.0 = Release|Any CPU
		{EAEAC3DD-ADCF-4E86-B143-E899B9406712}.Release|x86.ActiveCfg = Release|Any CPU
		{EAEAC3DD-ADCF-4E86-B143-E899B9406712}.Release|x86.Build.0 = Release|Any CPU
		{269B8705-40BA-446D-A340-7C7538C7BC83}.Debug|Any CPU.ActiveCfg = Debug|Any CPU
		{269B8705-40BA-446D-A340-7C7538C7BC83}.Debug|Any CPU.Build.0 = Debug|Any CPU
		{269B8705-40BA-446D-A340-7C7538C7BC83}.Debug|Mixed Platforms.ActiveCfg = Debug|Any CPU
		{269B8705-40BA-446D-A340-7C7538C7BC83}.Debug|Mixed Platforms.Build.0 = Debug|Any CPU
		{269B8705-40BA-446D-A340-7C7538C7BC83}.Debug|x64.ActiveCfg = Debug|Any CPU
		{269B8705-40BA-446D-A340-7C7538C7BC83}.Debug|x64.Build.0 = Debug|Any CPU
		{269B8705-40BA-446D-A340-7C7538C7BC83}.Debug|x86.ActiveCfg = Debug|Any CPU
		{269B8705-40BA-446D-A340-7C7538C7BC83}.Debug|x86.Build.0 = Debug|Any CPU
		{269B8705-40BA-446D-A340-7C7538C7BC83}.Release|Any CPU.ActiveCfg = Release|Any CPU
		{269B8705-40BA-446D-A340-7C7538C7BC83}.Release|Any CPU.Build.0 = Release|Any CPU
		{269B8705-40BA-446D-A340-7C7538C7BC83}.Release|Mixed Platforms.ActiveCfg = Release|Any CPU
		{269B8705-40BA-446D-A340-7C7538C7BC83}.Release|Mixed Platforms.Build.0 = Release|Any CPU
		{269B8705-40BA-446D-A340-7C7538C7BC83}.Release|x64.ActiveCfg = Release|Any CPU
		{269B8705-40BA-446D-A340-7C7538C7BC83}.Release|x64.Build.0 = Release|Any CPU
		{269B8705-40BA-446D-A340-7C7538C7BC83}.Release|x86.ActiveCfg = Release|Any CPU
		{269B8705-40BA-446D-A340-7C7538C7BC83}.Release|x86.Build.0 = Release|Any CPU
	EndGlobalSection
	GlobalSection(SolutionProperties) = preSolution
		HideSolutionNode = FALSE
	EndGlobalSection
	GlobalSection(ExtensibilityGlobals) = postSolution
		SolutionGuid = {FFE2D72D-3EB7-487D-9E22-000E3F0F1DF0}
	EndGlobalSection
EndGlobal
